
Microsoft Visual Studio Solution File, Format Version 12.00
# Visual Studio Version 17
VisualStudioVersion = 17.4.33110.190
MinimumVisualStudioVersion = 10.0.40219.1
Project("{FAE04EC0-301F-11D3-BF4B-00C04F79EFBC}") = "GetSha256", "GetSha256.csproj", "{DD96823D-79EF-4390-83F0-0C99764700A8}"
EndProject
Global
	GlobalSection(SolutionConfigurationPlatforms) = preSolution
		Debug|Any CPU = Debug|Any CPU
		Release|Any CPU = Release|Any CPU
	EndGlobalSection
	GlobalSection(ProjectConfigurationPlatforms) = postSolution
		{DD96823D-79EF-4390-83F0-0C99764700A8}.Debug|Any CPU.ActiveCfg = Debug|Any CPU
		{DD96823D-79EF-4390-83F0-0C99764700A8}.Debug|Any CPU.Build.0 = Debug|Any CPU
		{DD96823D-79EF-4390-83F0-0C99764700A8}.Release|Any CPU.ActiveCfg = Release|Any CPU
		{DD96823D-79EF-4390-83F0-0C99764700A8}.Release|Any CPU.Build.0 = Release|Any CPU
	EndGlobalSection
	GlobalSection(SolutionProperties) = preSolution
		HideSolutionNode = FALSE
	EndGlobalSection
	GlobalSection(ExtensibilityGlobals) = postSolution
		SolutionGuid = {B720370D-C3B4-409F-81F1-9EFE5B31F784}
	EndGlobalSection
EndGlobal
